
Microsoft Visual Studio Solution File, Format Version 12.00
# Visual Studio Version 17
VisualStudioVersion = 17.13.35806.99 d17.13
MinimumVisualStudioVersion = 10.0.40219.1
Project("{FAE04EC0-301F-11D3-BF4B-00C04F79EFBC}") = "Contract_Monthly_Claim_System_PoE_part1", "Contract_Monthly_Claim_System_PoE_part1.csproj", "{0740A8E3-FA06-486D-A767-9A623C5E8AC6}"
EndProject
Global
	GlobalSection(SolutionConfigurationPlatforms) = preSolution
		Debug|Any CPU = Debug|Any CPU
		Release|Any CPU = Release|Any CPU
	EndGlobalSection
	GlobalSection(ProjectConfigurationPlatforms) = postSolution
		{0740A8E3-FA06-486D-A767-9A623C5E8AC6}.Debug|Any CPU.ActiveCfg = Debug|Any CPU
		{0740A8E3-FA06-486D-A767-9A623C5E8AC6}.Debug|Any CPU.Build.0 = Debug|Any CPU
		{0740A8E3-FA06-486D-A767-9A623C5E8AC6}.Release|Any CPU.ActiveCfg = Release|Any CPU
		{0740A8E3-FA06-486D-A767-9A623C5E8AC6}.Release|Any CPU.Build.0 = Release|Any CPU
	EndGlobalSection
	GlobalSection(SolutionProperties) = preSolution
		HideSolutionNode = FALSE
	EndGlobalSection
	GlobalSection(ExtensibilityGlobals) = postSolution
		SolutionGuid = {FA7B0003-E179-4946-9A44-DA8897729929}
	EndGlobalSection
EndGlobal
